
Microsoft Visual Studio Solution File, Format Version 12.00
# Visual Studio Version 16
VisualStudioVersion = 16.0.29102.190
MinimumVisualStudioVersion = 10.0.40219.1
Project("{8BC9CEB8-8B4A-11D0-8D11-00A0C91BC942}") = "xxImGui", "build\xxImGui.vcxproj", "{4165A294-21F2-44CA-9B38-E3F935ABADF5}"
	ProjectSection(ProjectDependencies) = postProject
		{2F85E386-DA52-436B-82BF-1D6E494F4408} = {2F85E386-DA52-436B-82BF-1D6E494F4408}
	EndProjectSection
EndProject
Project("{8BC9CEB8-8B4A-11D0-8D11-00A0C91BC942}") = "freetype", "build\freetype.vcxproj", "{D98A83DF-490D-46D9-809C-55C80BA9275F}"
EndProject
Project("{8BC9CEB8-8B4A-11D0-8D11-00A0C91BC942}") = "imgui", "build\imgui.vcxproj", "{9B49443B-7FAE-479E-8CDF-29919A9F786F}"
EndProject
Project("{8BC9CEB8-8B4A-11D0-8D11-00A0C91BC942}") = "xxGraphic", "build\xxGraphic.vcxproj", "{81C889FC-6908-4066-8C73-3215DF6FFFC9}"
EndProject
Project("{2150E333-8FDC-42A3-9474-1A3956D46DE8}") = "plugin", "plugin", "{FA21E5FB-C5DB-4CAD-B843-3913FDFD3DD5}"
	ProjectSection(SolutionItems) = preProject
		plugin\interface.h = plugin\interface.h
	EndProjectSection
EndProject
Project("{8BC9CEB8-8B4A-11D0-8D11-00A0C91BC942}") = "sample", "plugin\sample\sample.vcxproj", "{2F85E386-DA52-436B-82BF-1D6E494F4408}"
EndProject
Project("{8BC9CEB8-8B4A-11D0-8D11-00A0C91BC942}") = "validator", "plugin\validator\validator.vcxproj", "{8EAEFFBB-EF31-41B8-BD7F-8C391A39A284}"
EndProject
Project("{8BC9CEB8-8B4A-11D0-8D11-00A0C91BC942}") = "xxGraphicPlus", "build\xxGraphicPlus.vcxproj", "{66D6899A-46D1-435E-8588-CBE7A264A628}"
EndProject
Global
	GlobalSection(SolutionConfigurationPlatforms) = preSolution
		Debug|ARM = Debug|ARM
		Debug|ARM64 = Debug|ARM64
		Debug|Win32 = Debug|Win32
		Debug|x64 = Debug|x64
		Release|ARM = Release|ARM
		Release|ARM64 = Release|ARM64
		Release|Win32 = Release|Win32
		Release|x64 = Release|x64
	EndGlobalSection
	GlobalSection(ProjectConfigurationPlatforms) = postSolution
		{4165A294-21F2-44CA-9B38-E3F935ABADF5}.Debug|ARM.ActiveCfg = Debug|ARM
		{4165A294-21F2-44CA-9B38-E3F935ABADF5}.Debug|ARM.Build.0 = Debug|ARM
		{4165A294-21F2-44CA-9B38-E3F935ABADF5}.Debug|ARM64.ActiveCfg = Debug|ARM64
		{4165A294-21F2-44CA-9B38-E3F935ABADF5}.Debug|ARM64.Build.0 = Debug|ARM64
		{4165A294-21F2-44CA-9B38-E3F935ABADF5}.Debug|Win32.ActiveCfg = Debug|Win32
		{4165A294-21F2-44CA-9B38-E3F935ABADF5}.Debug|Win32.Build.0 = Debug|Win32
		{4165A294-21F2-44CA-9B38-E3F935ABADF5}.Debug|x64.ActiveCfg = Debug|x64
		{4165A294-21F2-44CA-9B38-E3F935ABADF5}.Debug|x64.Build.0 = Debug|x64
		{4165A294-21F2-44CA-9B38-E3F935ABADF5}.Release|ARM.ActiveCfg = Release|ARM
		{4165A294-21F2-44CA-9B38-E3F935ABADF5}.Release|ARM.Build.0 = Release|ARM
		{4165A294-21F2-44CA-9B38-E3F935ABADF5}.Release|ARM64.ActiveCfg = Release|ARM64
		{4165A294-21F2-44CA-9B38-E3F935ABADF5}.Release|ARM64.Build.0 = Release|ARM64
		{4165A294-21F2-44CA-9B38-E3F935ABADF5}.Release|Win32.ActiveCfg = Release|Win32
		{4165A294-21F2-44CA-9B38-E3F935ABADF5}.Release|Win32.Build.0 = Release|Win32
		{4165A294-21F2-44CA-9B38-E3F935ABADF5}.Release|x64.ActiveCfg = Release|x64
		{4165A294-21F2-44CA-9B38-E3F935ABADF5}.Release|x64.Build.0 = Release|x64
		{D98A83DF-490D-46D9-809C-55C80BA9275F}.Debug|ARM.ActiveCfg = Debug|ARM
		{D98A83DF-490D-46D9-809C-55C80BA9275F}.Debug|ARM.Build.0 = Debug|ARM
		{D98A83DF-490D-46D9-809C-55C80BA9275F}.Debug|ARM64.ActiveCfg = Debug|ARM64
		{D98A83DF-490D-46D9-809C-55C80BA9275F}.Debug|ARM64.Build.0 = Debug|ARM64
		{D98A83DF-490D-46D9-809C-55C80BA9275F}.Debug|Win32.ActiveCfg = Debug|Win32
		{D98A83DF-490D-46D9-809C-55C80BA9275F}.Debug|Win32.Build.0 = Debug|Win32
		{D98A83DF-490D-46D9-809C-55C80BA9275F}.Debug|x64.ActiveCfg = Debug|x64
		{D98A83DF-490D-46D9-809C-55C80BA9275F}.Debug|x64.Build.0 = Debug|x64
		{D98A83DF-490D-46D9-809C-55C80BA9275F}.Release|ARM.ActiveCfg = Release|ARM
		{D98A83DF-490D-46D9-809C-55C80BA9275F}.Release|ARM.Build.0 = Release|ARM
		{D98A83DF-490D-46D9-809C-55C80BA9275F}.Release|ARM64.ActiveCfg = Release|ARM64
		{D98A83DF-490D-46D9-809C-55C80BA9275F}.Release|ARM64.Build.0 = Release|ARM64
		{D98A83DF-490D-46D9-809C-55C80BA9275F}.Release|Win32.ActiveCfg = Release|Win32
		{D98A83DF-490D-46D9-809C-55C80BA9275F}.Release|Win32.Build.0 = Release|Win32
		{D98A83DF-490D-46D9-809C-55C80BA9275F}.Release|x64.ActiveCfg = Release|x64
		{D98A83DF-490D-46D9-809C-55C80BA9275F}.Release|x64.Build.0 = Release|x64
		{9B49443B-7FAE-479E-8CDF-29919A9F786F}.Debug|ARM.ActiveCfg = Debug|ARM
		{9B49443B-7FAE-479E-8CDF-29919A9F786F}.Debug|ARM.Build.0 = Debug|ARM
		{9B49443B-7FAE-479E-8CDF-29919A9F786F}.Debug|ARM64.ActiveCfg = Debug|ARM64
		{9B49443B-7FAE-479E-8CDF-29919A9F786F}.Debug|ARM64.Build.0 = Debug|ARM64
		{9B49443B-7FAE-479E-8CDF-29919A9F786F}.Debug|Win32.ActiveCfg = Debug|Win32
		{9B49443B-7FAE-479E-8CDF-29919A9F786F}.Debug|Win32.Build.0 = Debug|Win32
		{9B49443B-7FAE-479E-8CDF-29919A9F786F}.Debug|x64.ActiveCfg = Debug|x64
		{9B49443B-7FAE-479E-8CDF-29919A9F786F}.Debug|x64.Build.0 = Debug|x64
		{9B49443B-7FAE-479E-8CDF-29919A9F786F}.Release|ARM.ActiveCfg = Release|ARM
		{9B49443B-7FAE-479E-8CDF-29919A9F786F}.Release|ARM.Build.0 = Release|ARM
		{9B49443B-7FAE-479E-8CDF-29919A9F786F}.Release|ARM64.ActiveCfg = Release|ARM64
		{9B49443B-7FAE-479E-8CDF-29919A9F786F}.Release|ARM64.Build.0 = Release|ARM64
		{9B49443B-7FAE-479E-8CDF-29919A9F786F}.Release|Win32.ActiveCfg = Release|Win32
		{9B49443B-7FAE-479E-8CDF-29919A9F786F}.Release|Win32.Build.0 = Release|Win32
		{9B49443B-7FAE-479E-8CDF-29919A9F786F}.Release|x64.ActiveCfg = Release|x64
		{9B49443B-7FAE-479E-8CDF-29919A9F786F}.Release|x64.Build.0 = Release|x64
		{81C889FC-6908-4066-8C73-3215DF6FFFC9}.Debug|ARM.ActiveCfg = Debug|ARM
		{81C889FC-6908-4066-8C73-3215DF6FFFC9}.Debug|ARM.Build.0 = Debug|ARM
		{81C889FC-6908-4066-8C73-3215DF6FFFC9}.Debug|ARM64.ActiveCfg = Debug|ARM64
		{81C889FC-6908-4066-8C73-3215DF6FFFC9}.Debug|ARM64.Build.0 = Debug|ARM64
		{81C889FC-6908-4066-8C73-3215DF6FFFC9}.Debug|Win32.ActiveCfg = Debug|Win32
		{81C889FC-6908-4066-8C73-3215DF6FFFC9}.Debug|Win32.Build.0 = Debug|Win32
		{81C889FC-6908-4066-8C73-3215DF6FFFC9}.Debug|x64.ActiveCfg = Debug|x64
		{81C889FC-6908-4066-8C73-3215DF6FFFC9}.Debug|x64.Build.0 = Debug|x64
		{81C889FC-6908-4066-8C73-3215DF6FFFC9}.Release|ARM.ActiveCfg = Release|ARM
		{81C889FC-6908-4066-8C73-3215DF6FFFC9}.Release|ARM.Build.0 = Release|ARM
		{81C889FC-6908-4066-8C73-3215DF6FFFC9}.Release|ARM64.ActiveCfg = Release|ARM64
		{81C889FC-6908-4066-8C73-3215DF6FFFC9}.Release|ARM64.Build.0 = Release|ARM64
		{81C889FC-6908-4066-8C73-3215DF6FFFC9}.Release|Win32.ActiveCfg = Release|Win32
		{81C889FC-6908-4066-8C73-3215DF6FFFC9}.Release|Win32.Build.0 = Release|Win32
		{81C889FC-6908-4066-8C73-3215DF6FFFC9}.Release|x64.ActiveCfg = Release|x64
		{81C889FC-6908-4066-8C73-3215DF6FFFC9}.Release|x64.Build.0 = Release|x64
		{2F85E386-DA52-436B-82BF-1D6E494F4408}.Debug|ARM.ActiveCfg = Debug|ARM
		{2F85E386-DA52-436B-82BF-1D6E494F4408}.Debug|ARM.Build.0 = Debug|ARM
		{2F85E386-DA52-436B-82BF-1D6E494F4408}.Debug|ARM64.ActiveCfg = Debug|ARM64
		{2F85E386-DA52-436B-82BF-1D6E494F4408}.Debug|ARM64.Build.0 = Debug|ARM64
		{2F85E386-DA52-436B-82BF-1D6E494F4408}.Debug|Win32.ActiveCfg = Debug|Win32
		{2F85E386-DA52-436B-82BF-1D6E494F4408}.Debug|Win32.Build.0 = Debug|Win32
		{2F85E386-DA52-436B-82BF-1D6E494F4408}.Debug|x64.ActiveCfg = Debug|x64
		{2F85E386-DA52-436B-82BF-1D6E494F4408}.Debug|x64.Build.0 = Debug|x64
		{2F85E386-DA52-436B-82BF-1D6E494F4408}.Release|ARM.ActiveCfg = Release|ARM
		{2F85E386-DA52-436B-82BF-1D6E494F4408}.Release|ARM.Build.0 = Release|ARM
		{2F85E386-DA52-436B-82BF-1D6E494F4408}.Release|ARM64.ActiveCfg = Release|ARM64
		{2F85E386-DA52-436B-82BF-1D6E494F4408}.Release|ARM64.Build.0 = Release|ARM64
		{2F85E386-DA52-436B-82BF-1D6E494F4408}.Release|Win32.ActiveCfg = Release|Win32
		{2F85E386-DA52-436B-82BF-1D6E494F4408}.Release|Win32.Build.0 = Release|Win32
		{2F85E386-DA52-436B-82BF-1D6E494F4408}.Release|x64.ActiveCfg = Release|x64
		{2F85E386-DA52-436B-82BF-1D6E494F4408}.Release|x64.Build.0 = Release|x64
		{8EAEFFBB-EF31-41B8-BD7F-8C391A39A284}.Debug|ARM.ActiveCfg = Debug|ARM
		{8EAEFFBB-EF31-41B8-BD7F-8C391A39A284}.Debug|ARM.Build.0 = Debug|ARM
		{8EAEFFBB-EF31-41B8-BD7F-8C391A39A284}.Debug|ARM64.ActiveCfg = Debug|ARM64
		{8EAEFFBB-EF31-41B8-BD7F-8C391A39A284}.Debug|ARM64.Build.0 = Debug|ARM64
		{8EAEFFBB-EF31-41B8-BD7F-8C391A39A284}.Debug|Win32.ActiveCfg = Debug|Win32
		{8EAEFFBB-EF31-41B8-BD7F-8C391A39A284}.Debug|Win32.Build.0 = Debug|Win32
		{8EAEFFBB-EF31-41B8-BD7F-8C391A39A284}.Debug|x64.ActiveCfg = Debug|x64
		{8EAEFFBB-EF31-41B8-BD7F-8C391A39A284}.Debug|x64.Build.0 = Debug|x64
		{8EAEFFBB-EF31-41B8-BD7F-8C391A39A284}.Release|ARM.ActiveCfg = Release|ARM
		{8EAEFFBB-EF31-41B8-BD7F-8C391A39A284}.Release|ARM.Build.0 = Release|ARM
		{8EAEFFBB-EF31-41B8-BD7F-8C391A39A284}.Release|ARM64.ActiveCfg = Release|ARM64
		{8EAEFFBB-EF31-41B8-BD7F-8C391A39A284}.Release|ARM64.Build.0 = Release|ARM64
		{8EAEFFBB-EF31-41B8-BD7F-8C391A39A284}.Release|Win32.ActiveCfg = Release|Win32
		{8EAEFFBB-EF31-41B8-BD7F-8C391A39A284}.Release|Win32.Build.0 = Release|Win32
		{8EAEFFBB-EF31-41B8-BD7F-8C391A39A284}.Release|x64.ActiveCfg = Release|x64
		{8EAEFFBB-EF31-41B8-BD7F-8C391A39A284}.Release|x64.Build.0 = Release|x64
		{66D6899A-46D1-435E-8588-CBE7A264A628}.Debug|ARM.ActiveCfg = Debug|ARM
		{66D6899A-46D1-435E-8588-CBE7A264A628}.Debug|ARM.Build.0 = Debug|ARM
		{66D6899A-46D1-435E-8588-CBE7A264A628}.Debug|ARM64.ActiveCfg = Debug|ARM64
		{66D6899A-46D1-435E-8588-CBE7A264A628}.Debug|ARM64.Build.0 = Debug|ARM64
		{66D6899A-46D1-435E-8588-CBE7A264A628}.Debug|Win32.ActiveCfg = Debug|Win32
		{66D6899A-46D1-435E-8588-CBE7A264A628}.Debug|Win32.Build.0 = Debug|Win32
		{66D6899A-46D1-435E-8588-CBE7A264A628}.Debug|x64.ActiveCfg = Debug|x64
		{66D6899A-46D1-435E-8588-CBE7A264A628}.Debug|x64.Build.0 = Debug|x64
		{66D6899A-46D1-435E-8588-CBE7A264A628}.Release|ARM.ActiveCfg = Release|ARM
		{66D6899A-46D1-435E-8588-CBE7A264A628}.Release|ARM.Build.0 = Release|ARM
		{66D6899A-46D1-435E-8588-CBE7A264A628}.Release|ARM64.ActiveCfg = Release|ARM64
		{66D6899A-46D1-435E-8588-CBE7A264A628}.Release|ARM64.Build.0 = Release|ARM64
		{66D6899A-46D1-435E-8588-CBE7A264A628}.Release|Win32.ActiveCfg = Release|Win32
		{66D6899A-46D1-435E-8588-CBE7A264A628}.Release|Win32.Build.0 = Release|Win32
		{66D6899A-46D1-435E-8588-CBE7A264A628}.Release|x64.ActiveCfg = Release|x64
		{66D6899A-46D1-435E-8588-CBE7A264A628}.Release|x64.Build.0 = Release|x64
	EndGlobalSection
	GlobalSection(SolutionProperties) = preSolution
		HideSolutionNode = FALSE
	EndGlobalSection
	GlobalSection(NestedProjects) = preSolution
		{2F85E386-DA52-436B-82BF-1D6E494F4408} = {FA21E5FB-C5DB-4CAD-B843-3913FDFD3DD5}
		{8EAEFFBB-EF31-41B8-BD7F-8C391A39A284} = {FA21E5FB-C5DB-4CAD-B843-3913FDFD3DD5}
	EndGlobalSection
	GlobalSection(ExtensibilityGlobals) = postSolution
		SolutionGuid = {32BE026C-479C-45E0-B740-DA621F56B7F3}
	EndGlobalSection
EndGlobal
