// !$*UTF8*$!
{
	archiveVersion = 1;
	classes = {
	};
	objectVersion = 50;
	objects = {

/* Begin PBXBuildFile section */
		300264C5242690D0004559E0 /* yuv.cpp in Sources */ = {isa = PBXBuildFile; fileRef = 300264C4242690D0004559E0 /* yuv.cpp */; };
		302D20DC244AC55400D84267 /* yuv2rgb.h in Headers */ = {isa = PBXBuildFile; fileRef = 302D20D8244AC55400D84267 /* yuv2rgb.h */; };
		302D20DD244AC55400D84267 /* rgb2yuv.h in Headers */ = {isa = PBXBuildFile; fileRef = 302D20D9244AC55400D84267 /* rgb2yuv.h */; };
		302D20DE244AC55400D84267 /* rgb2yuv.cpp in Sources */ = {isa = PBXBuildFile; fileRef = 302D20DA244AC55400D84267 /* rgb2yuv.cpp */; };
		302D20DF244AC55400D84267 /* rgb2yuv.cpp in Sources */ = {isa = PBXBuildFile; fileRef = 302D20DA244AC55400D84267 /* rgb2yuv.cpp */; };
		302D20E0244AC55400D84267 /* yuv2rgb.cpp in Sources */ = {isa = PBXBuildFile; fileRef = 302D20DB244AC55400D84267 /* yuv2rgb.cpp */; };
		302D20E1244AC55400D84267 /* yuv2rgb.cpp in Sources */ = {isa = PBXBuildFile; fileRef = 302D20DB244AC55400D84267 /* yuv2rgb.cpp */; };
		30B096B4244ACE370096E6DC /* libimgui.dylib in Frameworks */ = {isa = PBXBuildFile; fileRef = 30B096B3244ACE370096E6DC /* libimgui.dylib */; };
		30B096B6244ACE370096E6DC /* libxxGraphic.dylib in Frameworks */ = {isa = PBXBuildFile; fileRef = 30B096B5244ACE370096E6DC /* libxxGraphic.dylib */; };
		30B096C0244AD3090096E6DC /* yuv.cpp in Sources */ = {isa = PBXBuildFile; fileRef = 300264C4242690D0004559E0 /* yuv.cpp */; };
		30B096C2244AD37A0096E6DC /* libimgui.bundle in Frameworks */ = {isa = PBXBuildFile; fileRef = 30B096C1244AD37A0096E6DC /* libimgui.bundle */; };
		30B096C4244AD37A0096E6DC /* libxxGraphic.bundle in Frameworks */ = {isa = PBXBuildFile; fileRef = 30B096C3244AD37A0096E6DC /* libxxGraphic.bundle */; };
/* End PBXBuildFile section */

/* Begin PBXCopyFilesBuildPhase section */
		D6022C3323258B5D00B9BFB8 /* CopyFiles */ = {
			isa = PBXCopyFilesBuildPhase;
			buildActionMask = 2147483647;
			dstPath = "include/$(PRODUCT_NAME)";
			dstSubfolderSpec = 16;
			files = (
			);
			runOnlyForDeploymentPostprocessing = 0;
		};
/* End PBXCopyFilesBuildPhase section */

/* Begin PBXFileReference section */
		300264C4242690D0004559E0 /* yuv.cpp */ = {isa = PBXFileReference; fileEncoding = 4; lastKnownFileType = sourcecode.cpp.cpp; path = yuv.cpp; sourceTree = "<group>"; };
		302D20D8244AC55400D84267 /* yuv2rgb.h */ = {isa = PBXFileReference; fileEncoding = 4; lastKnownFileType = sourcecode.c.h; name = yuv2rgb.h; path = ../../xxYUV/yuv2rgb.h; sourceTree = "<group>"; };
		302D20D9244AC55400D84267 /* rgb2yuv.h */ = {isa = PBXFileReference; fileEncoding = 4; lastKnownFileType = sourcecode.c.h; name = rgb2yuv.h; path = ../../xxYUV/rgb2yuv.h; sourceTree = "<group>"; };
		302D20DA244AC55400D84267 /* rgb2yuv.cpp */ = {isa = PBXFileReference; fileEncoding = 4; lastKnownFileType = sourcecode.cpp.cpp; name = rgb2yuv.cpp; path = ../../xxYUV/rgb2yuv.cpp; sourceTree = "<group>"; };
		302D20DB244AC55400D84267 /* yuv2rgb.cpp */ = {isa = PBXFileReference; fileEncoding = 4; lastKnownFileType = sourcecode.cpp.cpp; name = yuv2rgb.cpp; path = ../../xxYUV/yuv2rgb.cpp; sourceTree = "<group>"; };
		30B096B3244ACE370096E6DC /* libimgui.dylib */ = {isa = PBXFileReference; explicitFileType = archive.ar; path = libimgui.dylib; sourceTree = BUILT_PRODUCTS_DIR; };
		30B096B5244ACE370096E6DC /* libxxGraphic.dylib */ = {isa = PBXFileReference; explicitFileType = archive.ar; path = libxxGraphic.dylib; sourceTree = BUILT_PRODUCTS_DIR; };
		30B096C1244AD37A0096E6DC /* libimgui.bundle */ = {isa = PBXFileReference; explicitFileType = archive.ar; path = libimgui.bundle; sourceTree = BUILT_PRODUCTS_DIR; };
		30B096C3244AD37A0096E6DC /* libxxGraphic.bundle */ = {isa = PBXFileReference; explicitFileType = archive.ar; path = libxxGraphic.bundle; sourceTree = BUILT_PRODUCTS_DIR; };
		D6022C3523258B5D00B9BFB8 /* libyuv.bundle */ = {isa = PBXFileReference; explicitFileType = "compiled.mach-o.dylib"; includeInIndex = 0; path = libyuv.bundle; sourceTree = BUILT_PRODUCTS_DIR; };
		D644A041231ED82900B75B77 /* libyuv.dylib */ = {isa = PBXFileReference; explicitFileType = "compiled.mach-o.dylib"; includeInIndex = 0; path = libyuv.dylib; sourceTree = BUILT_PRODUCTS_DIR; };
/* End PBXFileReference section */

/* Begin PBXFrameworksBuildPhase section */
		D6022C3223258B5D00B9BFB8 /* Frameworks */ = {
			isa = PBXFrameworksBuildPhase;
			buildActionMask = 2147483647;
			files = (
				30B096C2244AD37A0096E6DC /* libimgui.bundle in Frameworks */,
				30B096C4244AD37A0096E6DC /* libxxGraphic.bundle in Frameworks */,
			);
			runOnlyForDeploymentPostprocessing = 0;
		};
		D644A03F231ED82900B75B77 /* Frameworks */ = {
			isa = PBXFrameworksBuildPhase;
			buildActionMask = 2147483647;
			files = (
				30B096B4244ACE370096E6DC /* libimgui.dylib in Frameworks */,
				30B096B6244ACE370096E6DC /* libxxGraphic.dylib in Frameworks */,
			);
			runOnlyForDeploymentPostprocessing = 0;
		};
/* End PBXFrameworksBuildPhase section */

/* Begin PBXGroup section */
		300264BD24266097004559E0 /* Frameworks */ = {
			isa = PBXGroup;
			children = (
				30B096C1244AD37A0096E6DC /* libimgui.bundle */,
				30B096C3244AD37A0096E6DC /* libxxGraphic.bundle */,
				30B096B3244ACE370096E6DC /* libimgui.dylib */,
				30B096B5244ACE370096E6DC /* libxxGraphic.dylib */,
			);
			name = Frameworks;
			sourceTree = "<group>";
		};
		302D20D6244AC53A00D84267 /* xxYUV */ = {
			isa = PBXGroup;
			children = (
				302D20DA244AC55400D84267 /* rgb2yuv.cpp */,
				302D20D9244AC55400D84267 /* rgb2yuv.h */,
				302D20DB244AC55400D84267 /* yuv2rgb.cpp */,
				302D20D8244AC55400D84267 /* yuv2rgb.h */,
			);
			name = xxYUV;
			sourceTree = "<group>";
		};
		D644A038231ED82900B75B77 = {
			isa = PBXGroup;
			children = (
				300264C4242690D0004559E0 /* yuv.cpp */,
				302D20D6244AC53A00D84267 /* xxYUV */,
				D644A042231ED82900B75B77 /* Products */,
				300264BD24266097004559E0 /* Frameworks */,
			);
			sourceTree = "<group>";
		};
		D644A042231ED82900B75B77 /* Products */ = {
			isa = PBXGroup;
			children = (
				D644A041231ED82900B75B77 /* libyuv.dylib */,
				D6022C3523258B5D00B9BFB8 /* libyuv.bundle */,
			);
			name = Products;
			sourceTree = "<group>";
		};
/* End PBXGroup section */

/* Begin PBXHeadersBuildPhase section */
		D644A03D231ED82900B75B77 /* Headers */ = {
			isa = PBXHeadersBuildPhase;
			buildActionMask = 2147483647;
			files = (
				302D20DD244AC55400D84267 /* rgb2yuv.h in Headers */,
				302D20DC244AC55400D84267 /* yuv2rgb.h in Headers */,
			);
			runOnlyForDeploymentPostprocessing = 0;
		};
/* End PBXHeadersBuildPhase section */

/* Begin PBXNativeTarget section */
		D6022C3423258B5D00B9BFB8 /* yuv (iOS) */ = {
			isa = PBXNativeTarget;
			buildConfigurationList = D6022C3B23258B5D00B9BFB8 /* Build configuration list for PBXNativeTarget "yuv (iOS)" */;
			buildPhases = (
				D6022C3123258B5D00B9BFB8 /* Sources */,
				D6022C3223258B5D00B9BFB8 /* Frameworks */,
				D6022C3323258B5D00B9BFB8 /* CopyFiles */,
			);
			buildRules = (
			);
			dependencies = (
			);
			name = "yuv (iOS)";
			productName = "librtmp (iOS)";
			productReference = D6022C3523258B5D00B9BFB8 /* libyuv.bundle */;
			productType = "com.apple.product-type.library.static";
		};
		D644A040231ED82900B75B77 /* yuv (macOS) */ = {
			isa = PBXNativeTarget;
			buildConfigurationList = D644A04C231ED82900B75B77 /* Build configuration list for PBXNativeTarget "yuv (macOS)" */;
			buildPhases = (
				D644A03D231ED82900B75B77 /* Headers */,
				D644A03E231ED82900B75B77 /* Sources */,
				D644A03F231ED82900B75B77 /* Frameworks */,
			);
			buildRules = (
			);
			dependencies = (
			);
			name = "yuv (macOS)";
			productName = librtmp;
			productReference = D644A041231ED82900B75B77 /* libyuv.dylib */;
			productType = "com.apple.product-type.library.static";
		};
/* End PBXNativeTarget section */

/* Begin PBXProject section */
		D644A039231ED82900B75B77 /* Project object */ = {
			isa = PBXProject;
			attributes = {
				LastUpgradeCheck = 1030;
				TargetAttributes = {
					D6022C3423258B5D00B9BFB8 = {
						CreatedOnToolsVersion = 11.0;
					};
					D644A040231ED82900B75B77 = {
						CreatedOnToolsVersion = 10.3;
					};
				};
			};
			buildConfigurationList = D644A03C231ED82900B75B77 /* Build configuration list for PBXProject "yuv" */;
			compatibilityVersion = "Xcode 9.3";
			developmentRegion = en;
			hasScannedForEncodings = 0;
			knownRegions = (
				en,
				Base,
			);
			mainGroup = D644A038231ED82900B75B77;
			productRefGroup = D644A042231ED82900B75B77 /* Products */;
			projectDirPath = "";
			projectRoot = "";
			targets = (
				D644A040231ED82900B75B77 /* yuv (macOS) */,
				D6022C3423258B5D00B9BFB8 /* yuv (iOS) */,
			);
		};
/* End PBXProject section */

/* Begin PBXSourcesBuildPhase section */
		D6022C3123258B5D00B9BFB8 /* Sources */ = {
			isa = PBXSourcesBuildPhase;
			buildActionMask = 2147483647;
			files = (
				30B096C0244AD3090096E6DC /* yuv.cpp in Sources */,
				302D20DF244AC55400D84267 /* rgb2yuv.cpp in Sources */,
				302D20E1244AC55400D84267 /* yuv2rgb.cpp in Sources */,
			);
			runOnlyForDeploymentPostprocessing = 0;
		};
		D644A03E231ED82900B75B77 /* Sources */ = {
			isa = PBXSourcesBuildPhase;
			buildActionMask = 2147483647;
			files = (
				300264C5242690D0004559E0 /* yuv.cpp in Sources */,
				302D20E0244AC55400D84267 /* yuv2rgb.cpp in Sources */,
				302D20DE244AC55400D84267 /* rgb2yuv.cpp in Sources */,
			);
			runOnlyForDeploymentPostprocessing = 0;
		};
/* End PBXSourcesBuildPhase section */

/* Begin XCBuildConfiguration section */
		D6022C3C23258B5D00B9BFB8 /* Debug */ = {
			isa = XCBuildConfiguration;
			buildSettings = {
				SDKROOT = iphoneos;
			};
			name = Debug;
		};
		D6022C3D23258B5D00B9BFB8 /* Release */ = {
			isa = XCBuildConfiguration;
			buildSettings = {
				SDKROOT = iphoneos;
				VALIDATE_PRODUCT = YES;
			};
			name = Release;
		};
		D644A04A231ED82900B75B77 /* Debug */ = {
			isa = XCBuildConfiguration;
			buildSettings = {
				ALWAYS_SEARCH_USER_PATHS = NO;
				CLANG_ANALYZER_NONNULL = YES;
				CLANG_ANALYZER_NUMBER_OBJECT_CONVERSION = YES_AGGRESSIVE;
				CLANG_CXX_LANGUAGE_STANDARD = "gnu++14";
				CLANG_CXX_LIBRARY = "libc++";
				CLANG_ENABLE_MODULES = YES;
				CLANG_ENABLE_OBJC_ARC = YES;
				CLANG_ENABLE_OBJC_WEAK = YES;
				CLANG_WARN_BLOCK_CAPTURE_AUTORELEASING = YES;
				CLANG_WARN_BOOL_CONVERSION = YES;
				CLANG_WARN_COMMA = YES;
				CLANG_WARN_CONSTANT_CONVERSION = YES;
				CLANG_WARN_DEPRECATED_OBJC_IMPLEMENTATIONS = YES;
				CLANG_WARN_DIRECT_OBJC_ISA_USAGE = YES_ERROR;
				CLANG_WARN_DOCUMENTATION_COMMENTS = NO;
				CLANG_WARN_EMPTY_BODY = YES;
				CLANG_WARN_ENUM_CONVERSION = YES;
				CLANG_WARN_INFINITE_RECURSION = YES;
				CLANG_WARN_INT_CONVERSION = YES;
				CLANG_WARN_NON_LITERAL_NULL_CONVERSION = YES;
				CLANG_WARN_OBJC_IMPLICIT_RETAIN_SELF = YES;
				CLANG_WARN_OBJC_LITERAL_CONVERSION = YES;
				CLANG_WARN_OBJC_ROOT_CLASS = YES_ERROR;
				CLANG_WARN_RANGE_LOOP_ANALYSIS = YES;
				CLANG_WARN_STRICT_PROTOTYPES = YES;
				CLANG_WARN_SUSPICIOUS_MOVE = YES;
				CLANG_WARN_UNGUARDED_AVAILABILITY = YES_AGGRESSIVE;
				CLANG_WARN_UNREACHABLE_CODE = YES;
				CLANG_WARN__DUPLICATE_METHOD_MATCH = YES;
				CODE_SIGN_IDENTITY = "-";
				COPY_PHASE_STRIP = NO;
				DEBUG_INFORMATION_FORMAT = dwarf;
				ENABLE_STRICT_OBJC_MSGSEND = YES;
				ENABLE_TESTABILITY = YES;
				EXECUTABLE_EXTENSION = bundle;
				EXECUTABLE_PREFIX = lib;
				GCC_C_LANGUAGE_STANDARD = gnu11;
				GCC_DYNAMIC_NO_PIC = NO;
				GCC_NO_COMMON_BLOCKS = YES;
				GCC_OPTIMIZATION_LEVEL = 0;
				GCC_PREPROCESSOR_DEFINITIONS = (
					"IMGUI_USER_CONFIG=\\\"../xxImGui/implement/imgui_user_config.h\\\"",
					"DEBUG=1",
					"$(inherited)",
				);
				GCC_WARN_64_TO_32_BIT_CONVERSION = YES;
				GCC_WARN_ABOUT_RETURN_TYPE = YES_ERROR;
				GCC_WARN_UNDECLARED_SELECTOR = YES;
				GCC_WARN_UNINITIALIZED_AUTOS = YES_AGGRESSIVE;
				GCC_WARN_UNUSED_FUNCTION = YES;
				GCC_WARN_UNUSED_VARIABLE = YES;
				HEADER_SEARCH_PATHS = (
					..,
					../..,
					../../imgui,
				);
				IPHONEOS_DEPLOYMENT_TARGET = 9.0;
				MACOSX_DEPLOYMENT_TARGET = 10.13;
				OBJROOT = ../../temp;
				ONLY_ACTIVE_ARCH = YES;
				PRODUCT_NAME = yuv;
				SDKROOT = macosx;
				SKIP_INSTALL = YES;
				SYMROOT = ../../bin;
				TARGETED_DEVICE_FAMILY = "1,2";
			};
			name = Debug;
		};
		D644A04B231ED82900B75B77 /* Release */ = {
			isa = XCBuildConfiguration;
			buildSettings = {
				ALWAYS_SEARCH_USER_PATHS = NO;
				CLANG_ANALYZER_NONNULL = YES;
				CLANG_ANALYZER_NUMBER_OBJECT_CONVERSION = YES_AGGRESSIVE;
				CLANG_CXX_LANGUAGE_STANDARD = "gnu++14";
				CLANG_CXX_LIBRARY = "libc++";
				CLANG_ENABLE_MODULES = YES;
				CLANG_ENABLE_OBJC_ARC = YES;
				CLANG_ENABLE_OBJC_WEAK = YES;
				CLANG_WARN_BLOCK_CAPTURE_AUTORELEASING = YES;
				CLANG_WARN_BOOL_CONVERSION = YES;
				CLANG_WARN_COMMA = YES;
				CLANG_WARN_CONSTANT_CONVERSION = YES;
				CLANG_WARN_DEPRECATED_OBJC_IMPLEMENTATIONS = YES;
				CLANG_WARN_DIRECT_OBJC_ISA_USAGE = YES_ERROR;
				CLANG_WARN_DOCUMENTATION_COMMENTS = NO;
				CLANG_WARN_EMPTY_BODY = YES;
				CLANG_WARN_ENUM_CONVERSION = YES;
				CLANG_WARN_INFINITE_RECURSION = YES;
				CLANG_WARN_INT_CONVERSION = YES;
				CLANG_WARN_NON_LITERAL_NULL_CONVERSION = YES;
				CLANG_WARN_OBJC_IMPLICIT_RETAIN_SELF = YES;
				CLANG_WARN_OBJC_LITERAL_CONVERSION = YES;
				CLANG_WARN_OBJC_ROOT_CLASS = YES_ERROR;
				CLANG_WARN_RANGE_LOOP_ANALYSIS = YES;
				CLANG_WARN_STRICT_PROTOTYPES = YES;
				CLANG_WARN_SUSPICIOUS_MOVE = YES;
				CLANG_WARN_UNGUARDED_AVAILABILITY = YES_AGGRESSIVE;
				CLANG_WARN_UNREACHABLE_CODE = YES;
				CLANG_WARN__DUPLICATE_METHOD_MATCH = YES;
				CODE_SIGN_IDENTITY = "-";
				COPY_PHASE_STRIP = NO;
				DEBUG_INFORMATION_FORMAT = "dwarf-with-dsym";
				ENABLE_NS_ASSERTIONS = NO;
				ENABLE_STRICT_OBJC_MSGSEND = YES;
				EXECUTABLE_EXTENSION = bundle;
				EXECUTABLE_PREFIX = lib;
				GCC_C_LANGUAGE_STANDARD = gnu11;
				GCC_NO_COMMON_BLOCKS = YES;
				GCC_PREPROCESSOR_DEFINITIONS = (
					"IMGUI_USER_CONFIG=\\\"../xxImGui/implement/imgui_user_config.h\\\"",
					"$(inherited)",
				);
				GCC_WARN_64_TO_32_BIT_CONVERSION = YES;
				GCC_WARN_ABOUT_RETURN_TYPE = YES_ERROR;
				GCC_WARN_UNDECLARED_SELECTOR = YES;
				GCC_WARN_UNINITIALIZED_AUTOS = YES_AGGRESSIVE;
				GCC_WARN_UNUSED_FUNCTION = YES;
				GCC_WARN_UNUSED_VARIABLE = YES;
				HEADER_SEARCH_PATHS = (
					..,
					../..,
					../../imgui,
				);
				IPHONEOS_DEPLOYMENT_TARGET = 9.0;
				MACOSX_DEPLOYMENT_TARGET = 10.13;
				OBJROOT = ../../temp;
				PRODUCT_NAME = yuv;
				SDKROOT = macosx;
				SKIP_INSTALL = YES;
				SYMROOT = ../../bin;
				TARGETED_DEVICE_FAMILY = "1,2";
			};
			name = Release;
		};
		D644A04D231ED82900B75B77 /* Debug */ = {
			isa = XCBuildConfiguration;
			buildSettings = {
				EXECUTABLE_EXTENSION = dylib;
			};
			name = Debug;
		};
		D644A04E231ED82900B75B77 /* Release */ = {
			isa = XCBuildConfiguration;
			buildSettings = {
				EXECUTABLE_EXTENSION = dylib;
			};
			name = Release;
		};
/* End XCBuildConfiguration section */

/* Begin XCConfigurationList section */
		D6022C3B23258B5D00B9BFB8 /* Build configuration list for PBXNativeTarget "yuv (iOS)" */ = {
			isa = XCConfigurationList;
			buildConfigurations = (
				D6022C3C23258B5D00B9BFB8 /* Debug */,
				D6022C3D23258B5D00B9BFB8 /* Release */,
			);
			defaultConfigurationIsVisible = 0;
			defaultConfigurationName = Release;
		};
		D644A03C231ED82900B75B77 /* Build configuration list for PBXProject "yuv" */ = {
			isa = XCConfigurationList;
			buildConfigurations = (
				D644A04A231ED82900B75B77 /* Debug */,
				D644A04B231ED82900B75B77 /* Release */,
			);
			defaultConfigurationIsVisible = 0;
			defaultConfigurationName = Release;
		};
		D644A04C231ED82900B75B77 /* Build configuration list for PBXNativeTarget "yuv (macOS)" */ = {
			isa = XCConfigurationList;
			buildConfigurations = (
				D644A04D231ED82900B75B77 /* Debug */,
				D644A04E231ED82900B75B77 /* Release */,
			);
			defaultConfigurationIsVisible = 0;
			defaultConfigurationName = Release;
		};
/* End XCConfigurationList section */
	};
	rootObject = D644A039231ED82900B75B77 /* Project object */;
}
